
Microsoft Visual Studio Solution File, Format Version 12.00
# Visual Studio 15
VisualStudioVersion = 15.0.28307.572
MinimumVisualStudioVersion = 10.0.40219.1
Project("{FAE04EC0-301F-11D3-BF4B-00C04F79EFBC}") = "SDDH.Test", "SDDH.Test\SDDH.Test.csproj", "{2B330A62-E514-4EB0-8DE5-C1A413F35BCC}"
EndProject
Project("{FAE04EC0-301F-11D3-BF4B-00C04F79EFBC}") = "SDDH.Utility", "SDDH.Utility\SDDH.Utility.csproj", "{3BC22041-A24F-48EA-85D4-E26012CB83D5}"
EndProject
Project("{FAE04EC0-301F-11D3-BF4B-00C04F79EFBC}") = "SDDH.Web", "SDDH.Web\SDDH.Web.csproj", "{3E25D5A8-9D9C-4935-9B8E-7D27D7586F83}"
EndProject
Project("{FAE04EC0-301F-11D3-BF4B-00C04F79EFBC}") = "SDDH.Api", "SDDH.Api\SDDH.Api.csproj", "{6612ACB1-5BA8-4DDB-B65E-D7D1D108A878}"
EndProject
Project("{FAE04EC0-301F-11D3-BF4B-00C04F79EFBC}") = "SDDH.Metrics", "SDDH.Metrics\SDDH.Metrics.csproj", "{2DFC7CC0-CB1D-4EA2-9492-BD1F0BEB664B}"
EndProject
Project("{FAE04EC0-301F-11D3-BF4B-00C04F79EFBC}") = "SDDH.Service", "SDDH.Service\SDDH.Service.csproj", "{6173EFD7-3697-4FFB-9CD5-B345ECE52EEF}"
EndProject
Project("{FAE04EC0-301F-11D3-BF4B-00C04F79EFBC}") = "SDDH.Demo", "SDDH_Console\SDDH.Demo.csproj", "{5B446A10-D3D2-4F7C-A155-C0453654083C}"
EndProject
Project("{FAE04EC0-301F-11D3-BF4B-00C04F79EFBC}") = "SDDH.Job", "SDDH.Job\SDDH.Job.csproj", "{025DC67E-839D-4865-8371-02501361E438}"
EndProject
Project("{FAE04EC0-301F-11D3-BF4B-00C04F79EFBC}") = "SDDH.Consoles", "SDDH.Console\SDDH.Consoles.csproj", "{7E229D0E-8DDE-42A0-9032-7B441883092A}"
EndProject
Global
	GlobalSection(SolutionConfigurationPlatforms) = preSolution
		Debug|Any CPU = Debug|Any CPU
		MonoDebug|Any CPU = MonoDebug|Any CPU
		MonoRelease|Any CPU = MonoRelease|Any CPU
		Release|Any CPU = Release|Any CPU
	EndGlobalSection
	GlobalSection(ProjectConfigurationPlatforms) = postSolution
		{2B330A62-E514-4EB0-8DE5-C1A413F35BCC}.Debug|Any CPU.ActiveCfg = Debug|Any CPU
		{2B330A62-E514-4EB0-8DE5-C1A413F35BCC}.Debug|Any CPU.Build.0 = Debug|Any CPU
		{2B330A62-E514-4EB0-8DE5-C1A413F35BCC}.MonoDebug|Any CPU.ActiveCfg = Debug|Any CPU
		{2B330A62-E514-4EB0-8DE5-C1A413F35BCC}.MonoDebug|Any CPU.Build.0 = Debug|Any CPU
		{2B330A62-E514-4EB0-8DE5-C1A413F35BCC}.MonoRelease|Any CPU.ActiveCfg = Release|Any CPU
		{2B330A62-E514-4EB0-8DE5-C1A413F35BCC}.MonoRelease|Any CPU.Build.0 = Release|Any CPU
		{2B330A62-E514-4EB0-8DE5-C1A413F35BCC}.Release|Any CPU.ActiveCfg = Release|Any CPU
		{2B330A62-E514-4EB0-8DE5-C1A413F35BCC}.Release|Any CPU.Build.0 = Release|Any CPU
		{3BC22041-A24F-48EA-85D4-E26012CB83D5}.Debug|Any CPU.ActiveCfg = Debug|Any CPU
		{3BC22041-A24F-48EA-85D4-E26012CB83D5}.Debug|Any CPU.Build.0 = Debug|Any CPU
		{3BC22041-A24F-48EA-85D4-E26012CB83D5}.MonoDebug|Any CPU.ActiveCfg = Debug|Any CPU
		{3BC22041-A24F-48EA-85D4-E26012CB83D5}.MonoDebug|Any CPU.Build.0 = Debug|Any CPU
		{3BC22041-A24F-48EA-85D4-E26012CB83D5}.MonoRelease|Any CPU.ActiveCfg = Release|Any CPU
		{3BC22041-A24F-48EA-85D4-E26012CB83D5}.MonoRelease|Any CPU.Build.0 = Release|Any CPU
		{3BC22041-A24F-48EA-85D4-E26012CB83D5}.Release|Any CPU.ActiveCfg = Release|Any CPU
		{3BC22041-A24F-48EA-85D4-E26012CB83D5}.Release|Any CPU.Build.0 = Release|Any CPU
		{3E25D5A8-9D9C-4935-9B8E-7D27D7586F83}.Debug|Any CPU.ActiveCfg = Debug|Any CPU
		{3E25D5A8-9D9C-4935-9B8E-7D27D7586F83}.Debug|Any CPU.Build.0 = Debug|Any CPU
		{3E25D5A8-9D9C-4935-9B8E-7D27D7586F83}.MonoDebug|Any CPU.ActiveCfg = Debug|Any CPU
		{3E25D5A8-9D9C-4935-9B8E-7D27D7586F83}.MonoDebug|Any CPU.Build.0 = Debug|Any CPU
		{3E25D5A8-9D9C-4935-9B8E-7D27D7586F83}.MonoRelease|Any CPU.ActiveCfg = Release|Any CPU
		{3E25D5A8-9D9C-4935-9B8E-7D27D7586F83}.MonoRelease|Any CPU.Build.0 = Release|Any CPU
		{3E25D5A8-9D9C-4935-9B8E-7D27D7586F83}.Release|Any CPU.ActiveCfg = Release|Any CPU
		{3E25D5A8-9D9C-4935-9B8E-7D27D7586F83}.Release|Any CPU.Build.0 = Release|Any CPU
		{6612ACB1-5BA8-4DDB-B65E-D7D1D108A878}.Debug|Any CPU.ActiveCfg = Debug|Any CPU
		{6612ACB1-5BA8-4DDB-B65E-D7D1D108A878}.Debug|Any CPU.Build.0 = Debug|Any CPU
		{6612ACB1-5BA8-4DDB-B65E-D7D1D108A878}.MonoDebug|Any CPU.ActiveCfg = Debug|Any CPU
		{6612ACB1-5BA8-4DDB-B65E-D7D1D108A878}.MonoDebug|Any CPU.Build.0 = Debug|Any CPU
		{6612ACB1-5BA8-4DDB-B65E-D7D1D108A878}.MonoRelease|Any CPU.ActiveCfg = Release|Any CPU
		{6612ACB1-5BA8-4DDB-B65E-D7D1D108A878}.MonoRelease|Any CPU.Build.0 = Release|Any CPU
		{6612ACB1-5BA8-4DDB-B65E-D7D1D108A878}.Release|Any CPU.ActiveCfg = Release|Any CPU
		{6612ACB1-5BA8-4DDB-B65E-D7D1D108A878}.Release|Any CPU.Build.0 = Release|Any CPU
		{2DFC7CC0-CB1D-4EA2-9492-BD1F0BEB664B}.Debug|Any CPU.ActiveCfg = Debug|Any CPU
		{2DFC7CC0-CB1D-4EA2-9492-BD1F0BEB664B}.Debug|Any CPU.Build.0 = Debug|Any CPU
		{2DFC7CC0-CB1D-4EA2-9492-BD1F0BEB664B}.MonoDebug|Any CPU.ActiveCfg = MonoDebug|Any CPU
		{2DFC7CC0-CB1D-4EA2-9492-BD1F0BEB664B}.MonoDebug|Any CPU.Build.0 = MonoDebug|Any CPU
		{2DFC7CC0-CB1D-4EA2-9492-BD1F0BEB664B}.MonoRelease|Any CPU.ActiveCfg = MonoRelease|Any CPU
		{2DFC7CC0-CB1D-4EA2-9492-BD1F0BEB664B}.MonoRelease|Any CPU.Build.0 = MonoRelease|Any CPU
		{2DFC7CC0-CB1D-4EA2-9492-BD1F0BEB664B}.Release|Any CPU.ActiveCfg = Release|Any CPU
		{2DFC7CC0-CB1D-4EA2-9492-BD1F0BEB664B}.Release|Any CPU.Build.0 = Release|Any CPU
		{6173EFD7-3697-4FFB-9CD5-B345ECE52EEF}.Debug|Any CPU.ActiveCfg = Debug|Any CPU
		{6173EFD7-3697-4FFB-9CD5-B345ECE52EEF}.Debug|Any CPU.Build.0 = Debug|Any CPU
		{6173EFD7-3697-4FFB-9CD5-B345ECE52EEF}.MonoDebug|Any CPU.ActiveCfg = Debug|Any CPU
		{6173EFD7-3697-4FFB-9CD5-B345ECE52EEF}.MonoDebug|Any CPU.Build.0 = Debug|Any CPU
		{6173EFD7-3697-4FFB-9CD5-B345ECE52EEF}.MonoRelease|Any CPU.ActiveCfg = Release|Any CPU
		{6173EFD7-3697-4FFB-9CD5-B345ECE52EEF}.MonoRelease|Any CPU.Build.0 = Release|Any CPU
		{6173EFD7-3697-4FFB-9CD5-B345ECE52EEF}.Release|Any CPU.ActiveCfg = Release|Any CPU
		{6173EFD7-3697-4FFB-9CD5-B345ECE52EEF}.Release|Any CPU.Build.0 = Release|Any CPU
		{5B446A10-D3D2-4F7C-A155-C0453654083C}.Debug|Any CPU.ActiveCfg = Debug|Any CPU
		{5B446A10-D3D2-4F7C-A155-C0453654083C}.Debug|Any CPU.Build.0 = Debug|Any CPU
		{5B446A10-D3D2-4F7C-A155-C0453654083C}.MonoDebug|Any CPU.ActiveCfg = Debug|Any CPU
		{5B446A10-D3D2-4F7C-A155-C0453654083C}.MonoDebug|Any CPU.Build.0 = Debug|Any CPU
		{5B446A10-D3D2-4F7C-A155-C0453654083C}.MonoRelease|Any CPU.ActiveCfg = Release|Any CPU
		{5B446A10-D3D2-4F7C-A155-C0453654083C}.MonoRelease|Any CPU.Build.0 = Release|Any CPU
		{5B446A10-D3D2-4F7C-A155-C0453654083C}.Release|Any CPU.ActiveCfg = Release|Any CPU
		{5B446A10-D3D2-4F7C-A155-C0453654083C}.Release|Any CPU.Build.0 = Release|Any CPU
		{025DC67E-839D-4865-8371-02501361E438}.Debug|Any CPU.ActiveCfg = Debug|Any CPU
		{025DC67E-839D-4865-8371-02501361E438}.Debug|Any CPU.Build.0 = Debug|Any CPU
		{025DC67E-839D-4865-8371-02501361E438}.MonoDebug|Any CPU.ActiveCfg = Debug|Any CPU
		{025DC67E-839D-4865-8371-02501361E438}.MonoDebug|Any CPU.Build.0 = Debug|Any CPU
		{025DC67E-839D-4865-8371-02501361E438}.MonoRelease|Any CPU.ActiveCfg = Release|Any CPU
		{025DC67E-839D-4865-8371-02501361E438}.MonoRelease|Any CPU.Build.0 = Release|Any CPU
		{025DC67E-839D-4865-8371-02501361E438}.Release|Any CPU.ActiveCfg = Release|Any CPU
		{025DC67E-839D-4865-8371-02501361E438}.Release|Any CPU.Build.0 = Release|Any CPU
		{7E229D0E-8DDE-42A0-9032-7B441883092A}.Debug|Any CPU.ActiveCfg = Debug|Any CPU
		{7E229D0E-8DDE-42A0-9032-7B441883092A}.Debug|Any CPU.Build.0 = Debug|Any CPU
		{7E229D0E-8DDE-42A0-9032-7B441883092A}.MonoDebug|Any CPU.ActiveCfg = Debug|Any CPU
		{7E229D0E-8DDE-42A0-9032-7B441883092A}.MonoDebug|Any CPU.Build.0 = Debug|Any CPU
		{7E229D0E-8DDE-42A0-9032-7B441883092A}.MonoRelease|Any CPU.ActiveCfg = Release|Any CPU
		{7E229D0E-8DDE-42A0-9032-7B441883092A}.MonoRelease|Any CPU.Build.0 = Release|Any CPU
		{7E229D0E-8DDE-42A0-9032-7B441883092A}.Release|Any CPU.ActiveCfg = Release|Any CPU
		{7E229D0E-8DDE-42A0-9032-7B441883092A}.Release|Any CPU.Build.0 = Release|Any CPU
	EndGlobalSection
	GlobalSection(SolutionProperties) = preSolution
		HideSolutionNode = FALSE
	EndGlobalSection
	GlobalSection(ExtensibilityGlobals) = postSolution
		SolutionGuid = {362A200E-2817-46AD-B299-642300F944F5}
	EndGlobalSection
EndGlobal
